// !$*UTF8*$!
{
	archiveVersion = 1;
	classes = {
	};
	objectVersion = 55;
	objects = {

/* Begin PBXBuildFile section */
		B044479027B4A798009D75D7 /* AppDelegate.swift in Sources */ = {isa = PBXBuildFile; fileRef = B044478F27B4A798009D75D7 /* AppDelegate.swift */; };
		B044479227B4A798009D75D7 /* SceneDelegate.swift in Sources */ = {isa = PBXBuildFile; fileRef = B044479127B4A798009D75D7 /* SceneDelegate.swift */; };
		B044479427B4A798009D75D7 /* ViewController.swift in Sources */ = {isa = PBXBuildFile; fileRef = B044479327B4A798009D75D7 /* ViewController.swift */; };
		B044479727B4A798009D75D7 /* Main.storyboard in Resources */ = {isa = PBXBuildFile; fileRef = B044479527B4A798009D75D7 /* Main.storyboard */; };
		B044479927B4A79C009D75D7 /* Assets.xcassets in Resources */ = {isa = PBXBuildFile; fileRef = B044479827B4A79C009D75D7 /* Assets.xcassets */; };
		B044479C27B4A79C009D75D7 /* LaunchScreen.storyboard in Resources */ = {isa = PBXBuildFile; fileRef = B044479A27B4A79C009D75D7 /* LaunchScreen.storyboard */; };
		B04447A727B4A79C009D75D7 /* LaymanTests.swift in Sources */ = {isa = PBXBuildFile; fileRef = B04447A627B4A79C009D75D7 /* LaymanTests.swift */; };
		B04447B127B4A79C009D75D7 /* LaymanUITests.swift in Sources */ = {isa = PBXBuildFile; fileRef = B04447B027B4A79C009D75D7 /* LaymanUITests.swift */; };
		B04447B327B4A79C009D75D7 /* LaymanUITestsLaunchTests.swift in Sources */ = {isa = PBXBuildFile; fileRef = B04447B227B4A79C009D75D7 /* LaymanUITestsLaunchTests.swift */; };
/* End PBXBuildFile section */

/* Begin PBXContainerItemProxy section */
		B04447A327B4A79C009D75D7 /* PBXContainerItemProxy */ = {
			isa = PBXContainerItemProxy;
			containerPortal = B044478427B4A797009D75D7 /* Project object */;
			proxyType = 1;
			remoteGlobalIDString = B044478B27B4A798009D75D7;
			remoteInfo = Layman;
		};
		B04447AD27B4A79C009D75D7 /* PBXContainerItemProxy */ = {
			isa = PBXContainerItemProxy;
			containerPortal = B044478427B4A797009D75D7 /* Project object */;
			proxyType = 1;
			remoteGlobalIDString = B044478B27B4A798009D75D7;
			remoteInfo = Layman;
		};
/* End PBXContainerItemProxy section */

/* Begin PBXFileReference section */
		B044478C27B4A798009D75D7 /* Layman.app */ = {isa = PBXFileReference; explicitFileType = wrapper.application; includeInIndex = 0; path = Layman.app; sourceTree = BUILT_PRODUCTS_DIR; };
		B044478F27B4A798009D75D7 /* AppDelegate.swift */ = {isa = PBXFileReference; lastKnownFileType = sourcecode.swift; path = AppDelegate.swift; sourceTree = "<group>"; };
		B044479127B4A798009D75D7 /* SceneDelegate.swift */ = {isa = PBXFileReference; lastKnownFileType = sourcecode.swift; path = SceneDelegate.swift; sourceTree = "<group>"; };
		B044479327B4A798009D75D7 /* ViewController.swift */ = {isa = PBXFileReference; lastKnownFileType = sourcecode.swift; path = ViewController.swift; sourceTree = "<group>"; };
		B044479627B4A798009D75D7 /* Base */ = {isa = PBXFileReference; lastKnownFileType = file.storyboard; name = Base; path = Base.lproj/Main.storyboard; sourceTree = "<group>"; };
		B044479827B4A79C009D75D7 /* Assets.xcassets */ = {isa = PBXFileReference; lastKnownFileType = folder.assetcatalog; path = Assets.xcassets; sourceTree = "<group>"; };
		B044479B27B4A79C009D75D7 /* Base */ = {isa = PBXFileReference; lastKnownFileType = file.storyboard; name = Base; path = Base.lproj/LaunchScreen.storyboard; sourceTree = "<group>"; };
		B044479D27B4A79C009D75D7 /* Info.plist */ = {isa = PBXFileReference; lastKnownFileType = text.plist.xml; path = Info.plist; sourceTree = "<group>"; };
		B04447A227B4A79C009D75D7 /* LaymanTests.xctest */ = {isa = PBXFileReference; explicitFileType = wrapper.cfbundle; includeInIndex = 0; path = LaymanTests.xctest; sourceTree = BUILT_PRODUCTS_DIR; };
		B04447A627B4A79C009D75D7 /* LaymanTests.swift */ = {isa = PBXFileReference; lastKnownFileType = sourcecode.swift; path = LaymanTests.swift; sourceTree = "<group>"; };
		B04447AC27B4A79C009D75D7 /* LaymanUITests.xctest */ = {isa = PBXFileReference; explicitFileType = wrapper.cfbundle; includeInIndex = 0; path = LaymanUITests.xctest; sourceTree = BUILT_PRODUCTS_DIR; };
		B04447B027B4A79C009D75D7 /* LaymanUITests.swift */ = {isa = PBXFileReference; lastKnownFileType = sourcecode.swift; path = LaymanUITests.swift; sourceTree = "<group>"; };
		B04447B227B4A79C009D75D7 /* LaymanUITestsLaunchTests.swift */ = {isa = PBXFileReference; lastKnownFileType = sourcecode.swift; path = LaymanUITestsLaunchTests.swift; sourceTree = "<group>"; };
/* End PBXFileReference section */

/* Begin PBXFrameworksBuildPhase section */
		B044478927B4A798009D75D7 /* Frameworks */ = {
			isa = PBXFrameworksBuildPhase;
			buildActionMask = 2147483647;
			files = (
			);
			runOnlyForDeploymentPostprocessing = 0;
		};
		B044479F27B4A79C009D75D7 /* Frameworks */ = {
			isa = PBXFrameworksBuildPhase;
			buildActionMask = 2147483647;
			files = (
			);
			runOnlyForDeploymentPostprocessing = 0;
		};
		B04447A927B4A79C009D75D7 /* Frameworks */ = {
			isa = PBXFrameworksBuildPhase;
			buildActionMask = 2147483647;
			files = (
			);
			runOnlyForDeploymentPostprocessing = 0;
		};
/* End PBXFrameworksBuildPhase section */

/* Begin PBXGroup section */
		B044478327B4A797009D75D7 = {
			isa = PBXGroup;
			children = (
				B044478E27B4A798009D75D7 /* Layman */,
				B04447A527B4A79C009D75D7 /* LaymanTests */,
				B04447AF27B4A79C009D75D7 /* LaymanUITests */,
				B044478D27B4A798009D75D7 /* Products */,
			);
			sourceTree = "<group>";
		};
		B044478D27B4A798009D75D7 /* Products */ = {
			isa = PBXGroup;
			children = (
				B044478C27B4A798009D75D7 /* Layman.app */,
				B04447A227B4A79C009D75D7 /* LaymanTests.xctest */,
				B04447AC27B4A79C009D75D7 /* LaymanUITests.xctest */,
			);
			name = Products;
			sourceTree = "<group>";
		};
		B044478E27B4A798009D75D7 /* Layman */ = {
			isa = PBXGroup;
			children = (
				B044478F27B4A798009D75D7 /* AppDelegate.swift */,
				B044479127B4A798009D75D7 /* SceneDelegate.swift */,
				B044479327B4A798009D75D7 /* ViewController.swift */,
				B044479527B4A798009D75D7 /* Main.storyboard */,
				B044479827B4A79C009D75D7 /* Assets.xcassets */,
				B044479A27B4A79C009D75D7 /* LaunchScreen.storyboard */,
				B044479D27B4A79C009D75D7 /* Info.plist */,
			);
			path = Layman;
			sourceTree = "<group>";
		};
		B04447A527B4A79C009D75D7 /* LaymanTests */ = {
			isa = PBXGroup;
			children = (
				B04447A627B4A79C009D75D7 /* LaymanTests.swift */,
			);
			path = LaymanTests;
			sourceTree = "<group>";
		};
		B04447AF27B4A79C009D75D7 /* LaymanUITests */ = {
			isa = PBXGroup;
			children = (
				B04447B027B4A79C009D75D7 /* LaymanUITests.swift */,
				B04447B227B4A79C009D75D7 /* LaymanUITestsLaunchTests.swift */,
			);
			path = LaymanUITests;
			sourceTree = "<group>";
		};
/* End PBXGroup section */

/* Begin PBXNativeTarget section */
		B044478B27B4A798009D75D7 /* Layman */ = {
			isa = PBXNativeTarget;
			buildConfigurationList = B04447B627B4A79C009D75D7 /* Build configuration list for PBXNativeTarget "Layman" */;
			buildPhases = (
				B044478827B4A798009D75D7 /* Sources */,
				B044478927B4A798009D75D7 /* Frameworks */,
				B044478A27B4A798009D75D7 /* Resources */,
			);
			buildRules = (
			);
			dependencies = (
			);
			name = Layman;
			productName = Layman;
			productReference = B044478C27B4A798009D75D7 /* Layman.app */;
			productType = "com.apple.product-type.application";
		};
		B04447A127B4A79C009D75D7 /* LaymanTests */ = {
			isa = PBXNativeTarget;
			buildConfigurationList = B04447B927B4A79C009D75D7 /* Build configuration list for PBXNativeTarget "LaymanTests" */;
			buildPhases = (
				B044479E27B4A79C009D75D7 /* Sources */,
				B044479F27B4A79C009D75D7 /* Frameworks */,
				B04447A027B4A79C009D75D7 /* Resources */,
			);
			buildRules = (
			);
			dependencies = (
				B04447A427B4A79C009D75D7 /* PBXTargetDependency */,
			);
			name = LaymanTests;
			productName = LaymanTests;
			productReference = B04447A227B4A79C009D75D7 /* LaymanTests.xctest */;
			productType = "com.apple.product-type.bundle.unit-test";
		};
		B04447AB27B4A79C009D75D7 /* LaymanUITests */ = {
			isa = PBXNativeTarget;
			buildConfigurationList = B04447BC27B4A79C009D75D7 /* Build configuration list for PBXNativeTarget "LaymanUITests" */;
			buildPhases = (
				B04447A827B4A79C009D75D7 /* Sources */,
				B04447A927B4A79C009D75D7 /* Frameworks */,
				B04447AA27B4A79C009D75D7 /* Resources */,
			);
			buildRules = (
			);
			dependencies = (
				B04447AE27B4A79C009D75D7 /* PBXTargetDependency */,
			);
			name = LaymanUITests;
			productName = LaymanUITests;
			productReference = B04447AC27B4A79C009D75D7 /* LaymanUITests.xctest */;
			productType = "com.apple.product-type.bundle.ui-testing";
		};
/* End PBXNativeTarget section */

/* Begin PBXProject section */
		B044478427B4A797009D75D7 /* Project object */ = {
			isa = PBXProject;
			attributes = {
				BuildIndependentTargetsInParallel = 1;
				LastSwiftUpdateCheck = 1320;
				LastUpgradeCheck = 1320;
				TargetAttributes = {
					B044478B27B4A798009D75D7 = {
						CreatedOnToolsVersion = 13.2.1;
					};
					B04447A127B4A79C009D75D7 = {
						CreatedOnToolsVersion = 13.2.1;
						TestTargetID = B044478B27B4A798009D75D7;
					};
					B04447AB27B4A79C009D75D7 = {
						CreatedOnToolsVersion = 13.2.1;
						TestTargetID = B044478B27B4A798009D75D7;
					};
				};
			};
			buildConfigurationList = B044478727B4A797009D75D7 /* Build configuration list for PBXProject "Layman" */;
			compatibilityVersion = "Xcode 13.0";
			developmentRegion = en;
			hasScannedForEncodings = 0;
			knownRegions = (
				en,
				Base,
			);
			mainGroup = B044478327B4A797009D75D7;
			productRefGroup = B044478D27B4A798009D75D7 /* Products */;
			projectDirPath = "";
			projectRoot = "";
			targets = (
				B044478B27B4A798009D75D7 /* Layman */,
				B04447A127B4A79C009D75D7 /* LaymanTests */,
				B04447AB27B4A79C009D75D7 /* LaymanUITests */,
			);
		};
/* End PBXProject section */

/* Begin PBXResourcesBuildPhase section */
		B044478A27B4A798009D75D7 /* Resources */ = {
			isa = PBXResourcesBuildPhase;
			buildActionMask = 2147483647;
			files = (
				B044479C27B4A79C009D75D7 /* LaunchScreen.storyboard in Resources */,
				B044479927B4A79C009D75D7 /* Assets.xcassets in Resources */,
				B044479727B4A798009D75D7 /* Main.storyboard in Resources */,
			);
			runOnlyForDeploymentPostprocessing = 0;
		};
		B04447A027B4A79C009D75D7 /* Resources */ = {
			isa = PBXResourcesBuildPhase;
			buildActionMask = 2147483647;
			files = (
			);
			runOnlyForDeploymentPostprocessing = 0;
		};
		B04447AA27B4A79C009D75D7 /* Resources */ = {
			isa = PBXResourcesBuildPhase;
			buildActionMask = 2147483647;
			files = (
			);
			runOnlyForDeploymentPostprocessing = 0;
		};
/* End PBXResourcesBuildPhase section */

/* Begin PBXSourcesBuildPhase section */
		B044478827B4A798009D75D7 /* Sources */ = {
			isa = PBXSourcesBuildPhase;
			buildActionMask = 2147483647;
			files = (
				B044479427B4A798009D75D7 /* ViewController.swift in Sources */,
				B044479027B4A798009D75D7 /* AppDelegate.swift in Sources */,
				B044479227B4A798009D75D7 /* SceneDelegate.swift in Sources */,
			);
			runOnlyForDeploymentPostprocessing = 0;
		};
		B044479E27B4A79C009D75D7 /* Sources */ = {
			isa = PBXSourcesBuildPhase;
			buildActionMask = 2147483647;
			files = (
				B04447A727B4A79C009D75D7 /* LaymanTests.swift in Sources */,
			);
			runOnlyForDeploymentPostprocessing = 0;
		};
		B04447A827B4A79C009D75D7 /* Sources */ = {
			isa = PBXSourcesBuildPhase;
			buildActionMask = 2147483647;
			files = (
				B04447B327B4A79C009D75D7 /* LaymanUITestsLaunchTests.swift in Sources */,
				B04447B127B4A79C009D75D7 /* LaymanUITests.swift in Sources */,
			);
			runOnlyForDeploymentPostprocessing = 0;
		};
/* End PBXSourcesBuildPhase section */

/* Begin PBXTargetDependency section */
		B04447A427B4A79C009D75D7 /* PBXTargetDependency */ = {
			isa = PBXTargetDependency;
			target = B044478B27B4A798009D75D7 /* Layman */;
			targetProxy = B04447A327B4A79C009D75D7 /* PBXContainerItemProxy */;
		};
		B04447AE27B4A79C009D75D7 /* PBXTargetDependency */ = {
			isa = PBXTargetDependency;
			target = B044478B27B4A798009D75D7 /* Layman */;
			targetProxy = B04447AD27B4A79C009D75D7 /* PBXContainerItemProxy */;
		};
/* End PBXTargetDependency section */

/* Begin PBXVariantGroup section */
		B044479527B4A798009D75D7 /* Main.storyboard */ = {
			isa = PBXVariantGroup;
			children = (
				B044479627B4A798009D75D7 /* Base */,
			);
			name = Main.storyboard;
			sourceTree = "<group>";
		};
		B044479A27B4A79C009D75D7 /* LaunchScreen.storyboard */ = {
			isa = PBXVariantGroup;
			children = (
				B044479B27B4A79C009D75D7 /* Base */,
			);
			name = LaunchScreen.storyboard;
			sourceTree = "<group>";
		};
/* End PBXVariantGroup section */

/* Begin XCBuildConfiguration section */
		B04447B427B4A79C009D75D7 /* Debug */ = {
			isa = XCBuildConfiguration;
			buildSettings = {
				ALWAYS_SEARCH_USER_PATHS = NO;
				CLANG_ANALYZER_NONNULL = YES;
				CLANG_ANALYZER_NUMBER_OBJECT_CONVERSION = YES_AGGRESSIVE;
				CLANG_CXX_LANGUAGE_STANDARD = "gnu++17";
				CLANG_CXX_LIBRARY = "libc++";
				CLANG_ENABLE_MODULES = YES;
				CLANG_ENABLE_OBJC_ARC = YES;
				CLANG_ENABLE_OBJC_WEAK = YES;
				CLANG_WARN_BLOCK_CAPTURE_AUTORELEASING = YES;
				CLANG_WARN_BOOL_CONVERSION = YES;
				CLANG_WARN_COMMA = YES;
				CLANG_WARN_CONSTANT_CONVERSION = YES;
				CLANG_WARN_DEPRECATED_OBJC_IMPLEMENTATIONS = YES;
				CLANG_WARN_DIRECT_OBJC_ISA_USAGE = YES_ERROR;
				CLANG_WARN_DOCUMENTATION_COMMENTS = YES;
				CLANG_WARN_EMPTY_BODY = YES;
				CLANG_WARN_ENUM_CONVERSION = YES;
				CLANG_WARN_INFINITE_RECURSION = YES;
				CLANG_WARN_INT_CONVERSION = YES;
				CLANG_WARN_NON_LITERAL_NULL_CONVERSION = YES;
				CLANG_WARN_OBJC_IMPLICIT_RETAIN_SELF = YES;
				CLANG_WARN_OBJC_LITERAL_CONVERSION = YES;
				CLANG_WARN_OBJC_ROOT_CLASS = YES_ERROR;
				CLANG_WARN_QUOTED_INCLUDE_IN_FRAMEWORK_HEADER = YES;
				CLANG_WARN_RANGE_LOOP_ANALYSIS = YES;
				CLANG_WARN_STRICT_PROTOTYPES = YES;
				CLANG_WARN_SUSPICIOUS_MOVE = YES;
				CLANG_WARN_UNGUARDED_AVAILABILITY = YES_AGGRESSIVE;
				CLANG_WARN_UNREACHABLE_CODE = YES;
				CLANG_WARN__DUPLICATE_METHOD_MATCH = YES;
				COPY_PHASE_STRIP = NO;
				DEBUG_INFORMATION_FORMAT = dwarf;
				ENABLE_STRICT_OBJC_MSGSEND = YES;
				ENABLE_TESTABILITY = YES;
				GCC_C_LANGUAGE_STANDARD = gnu11;
				GCC_DYNAMIC_NO_PIC = NO;
				GCC_NO_COMMON_BLOCKS = YES;
				GCC_OPTIMIZATION_LEVEL = 0;
				GCC_PREPROCESSOR_DEFINITIONS = (
					"DEBUG=1",
					"$(inherited)",
				);
				GCC_WARN_64_TO_32_BIT_CONVERSION = YES;
				GCC_WARN_ABOUT_RETURN_TYPE = YES_ERROR;
				GCC_WARN_UNDECLARED_SELECTOR = YES;
				GCC_WARN_UNINITIALIZED_AUTOS = YES_AGGRESSIVE;
				GCC_WARN_UNUSED_FUNCTION = YES;
				GCC_WARN_UNUSED_VARIABLE = YES;
				IPHONEOS_DEPLOYMENT_TARGET = 15.2;
				MTL_ENABLE_DEBUG_INFO = INCLUDE_SOURCE;
				MTL_FAST_MATH = YES;
				ONLY_ACTIVE_ARCH = YES;
				SDKROOT = iphoneos;
				SWIFT_ACTIVE_COMPILATION_CONDITIONS = DEBUG;
				SWIFT_OPTIMIZATION_LEVEL = "-Onone";
			};
			name = Debug;
		};
		B04447B527B4A79C009D75D7 /* Release */ = {
			isa = XCBuildConfiguration;
			buildSettings = {
				ALWAYS_SEARCH_USER_PATHS = NO;
				CLANG_ANALYZER_NONNULL = YES;
				CLANG_ANALYZER_NUMBER_OBJECT_CONVERSION = YES_AGGRESSIVE;
				CLANG_CXX_LANGUAGE_STANDARD = "gnu++17";
				CLANG_CXX_LIBRARY = "libc++";
				CLANG_ENABLE_MODULES = YES;
				CLANG_ENABLE_OBJC_ARC = YES;
				CLANG_ENABLE_OBJC_WEAK = YES;
				CLANG_WARN_BLOCK_CAPTURE_AUTORELEASING = YES;
				CLANG_WARN_BOOL_CONVERSION = YES;
				CLANG_WARN_COMMA = YES;
				CLANG_WARN_CONSTANT_CONVERSION = YES;
				CLANG_WARN_DEPRECATED_OBJC_IMPLEMENTATIONS = YES;
				CLANG_WARN_DIRECT_OBJC_ISA_USAGE = YES_ERROR;
				CLANG_WARN_DOCUMENTATION_COMMENTS = YES;
				CLANG_WARN_EMPTY_BODY = YES;
				CLANG_WARN_ENUM_CONVERSION = YES;
				CLANG_WARN_INFINITE_RECURSION = YES;
				CLANG_WARN_INT_CONVERSION = YES;
				CLANG_WARN_NON_LITERAL_NULL_CONVERSION = YES;
				CLANG_WARN_OBJC_IMPLICIT_RETAIN_SELF = YES;
				CLANG_WARN_OBJC_LITERAL_CONVERSION = YES;
				CLANG_WARN_OBJC_ROOT_CLASS = YES_ERROR;
				CLANG_WARN_QUOTED_INCLUDE_IN_FRAMEWORK_HEADER = YES;
				CLANG_WARN_RANGE_LOOP_ANALYSIS = YES;
				CLANG_WARN_STRICT_PROTOTYPES = YES;
				CLANG_WARN_SUSPICIOUS_MOVE = YES;
				CLANG_WARN_UNGUARDED_AVAILABILITY = YES_AGGRESSIVE;
				CLANG_WARN_UNREACHABLE_CODE = YES;
				CLANG_WARN__DUPLICATE_METHOD_MATCH = YES;
				COPY_PHASE_STRIP = NO;
				DEBUG_INFORMATION_FORMAT = "dwarf-with-dsym";
				ENABLE_NS_ASSERTIONS = NO;
				ENABLE_STRICT_OBJC_MSGSEND = YES;
				GCC_C_LANGUAGE_STANDARD = gnu11;
				GCC_NO_COMMON_BLOCKS = YES;
				GCC_WARN_64_TO_32_BIT_CONVERSION = YES;
				GCC_WARN_ABOUT_RETURN_TYPE = YES_ERROR;
				GCC_WARN_UNDECLARED_SELECTOR = YES;
				GCC_WARN_UNINITIALIZED_AUTOS = YES_AGGRESSIVE;
				GCC_WARN_UNUSED_FUNCTION = YES;
				GCC_WARN_UNUSED_VARIABLE = YES;
				IPHONEOS_DEPLOYMENT_TARGET = 15.2;
				MTL_ENABLE_DEBUG_INFO = NO;
				MTL_FAST_MATH = YES;
				SDKROOT = iphoneos;
				SWIFT_COMPILATION_MODE = wholemodule;
				SWIFT_OPTIMIZATION_LEVEL = "-O";
				VALIDATE_PRODUCT = YES;
			};
			name = Release;
		};
		B04447B727B4A79C009D75D7 /* Debug */ = {
			isa = XCBuildConfiguration;
			buildSettings = {
				ASSETCATALOG_COMPILER_APPICON_NAME = AppIcon;
				ASSETCATALOG_COMPILER_GLOBAL_ACCENT_COLOR_NAME = AccentColor;
				CODE_SIGN_STYLE = Automatic;
				CURRENT_PROJECT_VERSION = 1;
				DEVELOPMENT_TEAM = 7498AP4FF8;
				GENERATE_INFOPLIST_FILE = YES;
				INFOPLIST_FILE = Layman/Info.plist;
				INFOPLIST_KEY_UIApplicationSupportsIndirectInputEvents = YES;
				INFOPLIST_KEY_UILaunchStoryboardName = LaunchScreen;
				INFOPLIST_KEY_UIMainStoryboardFile = Main;
				INFOPLIST_KEY_UISupportedInterfaceOrientations_iPad = "UIInterfaceOrientationPortrait UIInterfaceOrientationPortraitUpsideDown UIInterfaceOrientationLandscapeLeft UIInterfaceOrientationLandscapeRight";
				INFOPLIST_KEY_UISupportedInterfaceOrientations_iPhone = "UIInterfaceOrientationPortrait UIInterfaceOrientationLandscapeLeft UIInterfaceOrientationLandscapeRight";
				LD_RUNPATH_SEARCH_PATHS = (
					"$(inherited)",
					"@executable_path/Frameworks",
				);
				MARKETING_VERSION = 1.0;
				PRODUCT_BUNDLE_IDENTIFIER = "Hans-Belka.Layman";
				PRODUCT_NAME = "$(TARGET_NAME)";
				SWIFT_EMIT_LOC_STRINGS = YES;
				SWIFT_VERSION = 5.0;
				TARGETED_DEVICE_FAMILY = "1,2";
			};
			name = Debug;
		};
		B04447B827B4A79C009D75D7 /* Release */ = {
			isa = XCBuildConfiguration;
			buildSettings = {
				ASSETCATALOG_COMPILER_APPICON_NAME = AppIcon;
				ASSETCATALOG_COMPILER_GLOBAL_ACCENT_COLOR_NAME = AccentColor;
				CODE_SIGN_STYLE = Automatic;
				CURRENT_PROJECT_VERSION = 1;
				DEVELOPMENT_TEAM = 7498AP4FF8;
				GENERATE_INFOPLIST_FILE = YES;
				INFOPLIST_FILE = Layman/Info.plist;
				INFOPLIST_KEY_UIApplicationSupportsIndirectInputEvents = YES;
				INFOPLIST_KEY_UILaunchStoryboardName = LaunchScreen;
				INFOPLIST_KEY_UIMainStoryboardFile = Main;
				INFOPLIST_KEY_UISupportedInterfaceOrientations_iPad = "UIInterfaceOrientationPortrait UIInterfaceOrientationPortraitUpsideDown UIInterfaceOrientationLandscapeLeft UIInterfaceOrientationLandscapeRight";
				INFOPLIST_KEY_UISupportedInterfaceOrientations_iPhone = "UIInterfaceOrientationPortrait UIInterfaceOrientationLandscapeLeft UIInterfaceOrientationLandscapeRight";
				LD_RUNPATH_SEARCH_PATHS = (
					"$(inherited)",
					"@executable_path/Frameworks",
				);
				MARKETING_VERSION = 1.0;
				PRODUCT_BUNDLE_IDENTIFIER = "Hans-Belka.Layman";
				PRODUCT_NAME = "$(TARGET_NAME)";
				SWIFT_EMIT_LOC_STRINGS = YES;
				SWIFT_VERSION = 5.0;
				TARGETED_DEVICE_FAMILY = "1,2";
			};
			name = Release;
		};
		B04447BA27B4A79C009D75D7 /* Debug */ = {
			isa = XCBuildConfiguration;
			buildSettings = {
				ALWAYS_EMBED_SWIFT_STANDARD_LIBRARIES = YES;
				BUNDLE_LOADER = "$(TEST_HOST)";
				CODE_SIGN_STYLE = Automatic;
				CURRENT_PROJECT_VERSION = 1;
				DEVELOPMENT_TEAM = 7498AP4FF8;
				GENERATE_INFOPLIST_FILE = YES;
				IPHONEOS_DEPLOYMENT_TARGET = 15.2;
				MARKETING_VERSION = 1.0;
				PRODUCT_BUNDLE_IDENTIFIER = "Hans-Belka.LaymanTests";
				PRODUCT_NAME = "$(TARGET_NAME)";
				SWIFT_EMIT_LOC_STRINGS = NO;
				SWIFT_VERSION = 5.0;
				TARGETED_DEVICE_FAMILY = "1,2";
				TEST_HOST = "$(BUILT_PRODUCTS_DIR)/Layman.app/Layman";
			};
			name = Debug;
		};
		B04447BB27B4A79C009D75D7 /* Release */ = {
			isa = XCBuildConfiguration;
			buildSettings = {
				ALWAYS_EMBED_SWIFT_STANDARD_LIBRARIES = YES;
				BUNDLE_LOADER = "$(TEST_HOST)";
				CODE_SIGN_STYLE = Automatic;
				CURRENT_PROJECT_VERSION = 1;
				DEVELOPMENT_TEAM = 7498AP4FF8;
				GENERATE_INFOPLIST_FILE = YES;
				IPHONEOS_DEPLOYMENT_TARGET = 15.2;
				MARKETING_VERSION = 1.0;
				PRODUCT_BUNDLE_IDENTIFIER = "Hans-Belka.LaymanTests";
				PRODUCT_NAME = "$(TARGET_NAME)";
				SWIFT_EMIT_LOC_STRINGS = NO;
				SWIFT_VERSION = 5.0;
				TARGETED_DEVICE_FAMILY = "1,2";
				TEST_HOST = "$(BUILT_PRODUCTS_DIR)/Layman.app/Layman";
			};
			name = Release;
		};
		B04447BD27B4A79C009D75D7 /* Debug */ = {
			isa = XCBuildConfiguration;
			buildSettings = {
				ALWAYS_EMBED_SWIFT_STANDARD_LIBRARIES = YES;
				CODE_SIGN_STYLE = Automatic;
				CURRENT_PROJECT_VERSION = 1;
				DEVELOPMENT_TEAM = 7498AP4FF8;
				GENERATE_INFOPLIST_FILE = YES;
				MARKETING_VERSION = 1.0;
				PRODUCT_BUNDLE_IDENTIFIER = "Hans-Belka.LaymanUITests";
				PRODUCT_NAME = "$(TARGET_NAME)";
				SWIFT_EMIT_LOC_STRINGS = NO;
				SWIFT_VERSION = 5.0;
				TARGETED_DEVICE_FAMILY = "1,2";
				TEST_TARGET_NAME = Layman;
			};
			name = Debug;
		};
		B04447BE27B4A79C009D75D7 /* Release */ = {
			isa = XCBuildConfiguration;
			buildSettings = {
				ALWAYS_EMBED_SWIFT_STANDARD_LIBRARIES = YES;
				CODE_SIGN_STYLE = Automatic;
				CURRENT_PROJECT_VERSION = 1;
				DEVELOPMENT_TEAM = 7498AP4FF8;
				GENERATE_INFOPLIST_FILE = YES;
				MARKETING_VERSION = 1.0;
				PRODUCT_BUNDLE_IDENTIFIER = "Hans-Belka.LaymanUITests";
				PRODUCT_NAME = "$(TARGET_NAME)";
				SWIFT_EMIT_LOC_STRINGS = NO;
				SWIFT_VERSION = 5.0;
				TARGETED_DEVICE_FAMILY = "1,2";
				TEST_TARGET_NAME = Layman;
			};
			name = Release;
		};
/* End XCBuildConfiguration section */

/* Begin XCConfigurationList section */
		B044478727B4A797009D75D7 /* Build configuration list for PBXProject "Layman" */ = {
			isa = XCConfigurationList;
			buildConfigurations = (
				B04447B427B4A79C009D75D7 /* Debug */,
				B04447B527B4A79C009D75D7 /* Release */,
			);
			defaultConfigurationIsVisible = 0;
			defaultConfigurationName = Release;
		};
		B04447B627B4A79C009D75D7 /* Build configuration list for PBXNativeTarget "Layman" */ = {
			isa = XCConfigurationList;
			buildConfigurations = (
				B04447B727B4A79C009D75D7 /* Debug */,
				B04447B827B4A79C009D75D7 /* Release */,
			);
			defaultConfigurationIsVisible = 0;
			defaultConfigurationName = Release;
		};
		B04447B927B4A79C009D75D7 /* Build configuration list for PBXNativeTarget "LaymanTests" */ = {
			isa = XCConfigurationList;
			buildConfigurations = (
				B04447BA27B4A79C009D75D7 /* Debug */,
				B04447BB27B4A79C009D75D7 /* Release */,
			);
			defaultConfigurationIsVisible = 0;
			defaultConfigurationName = Release;
		};
		B04447BC27B4A79C009D75D7 /* Build configuration list for PBXNativeTarget "LaymanUITests" */ = {
			isa = XCConfigurationList;
			buildConfigurations = (
				B04447BD27B4A79C009D75D7 /* Debug */,
				B04447BE27B4A79C009D75D7 /* Release */,
			);
			defaultConfigurationIsVisible = 0;
			defaultConfigurationName = Release;
		};
/* End XCConfigurationList section */
	};
	rootObject = B044478427B4A797009D75D7 /* Project object */;
}
